
Microsoft Visual Studio Solution File, Format Version 12.00
# Visual Studio Version 17
VisualStudioVersion = 17.14.36221.1 d17.14
MinimumVisualStudioVersion = 10.0.40219.1
Project("{FAE04EC0-301F-11D3-BF4B-00C04F79EFBC}") = "main task", "main task\main task.csproj", "{EAE74E22-FCD2-4CCA-813B-17011833D4DD}"
EndProject
Global
	GlobalSection(SolutionConfigurationPlatforms) = preSolution
		Debug|Any CPU = Debug|Any CPU
		Release|Any CPU = Release|Any CPU
	EndGlobalSection
	GlobalSection(ProjectConfigurationPlatforms) = postSolution
		{EAE74E22-FCD2-4CCA-813B-17011833D4DD}.Debug|Any CPU.ActiveCfg = Debug|Any CPU
		{EAE74E22-FCD2-4CCA-813B-17011833D4DD}.Debug|Any CPU.Build.0 = Debug|Any CPU
		{EAE74E22-FCD2-4CCA-813B-17011833D4DD}.Release|Any CPU.ActiveCfg = Release|Any CPU
		{EAE74E22-FCD2-4CCA-813B-17011833D4DD}.Release|Any CPU.Build.0 = Release|Any CPU
	EndGlobalSection
	GlobalSection(SolutionProperties) = preSolution
		HideSolutionNode = FALSE
	EndGlobalSection
	GlobalSection(ExtensibilityGlobals) = postSolution
		SolutionGuid = {0F849740-A7FA-4646-85C2-BBEBF3E2A128}
	EndGlobalSection
EndGlobal
